{
  "pins" : [
    {
      "identity" : "symbolpicker?ref=iosexample.com",
      "kind" : "remoteSourceControl",
      "location" : "https://github.com/xnth97/SymbolPicker?ref=iosexample.com",
      "state" : {
        "revision" : "1e81757fc81fdee86f48d101eab0d0f8e9e0ec3d",
        "version" : "1.4.2"
      }
    }
  ],
  "version" : 2
}
