// !$*UTF8*$!
{
	archiveVersion = 1;
	classes = {
	};
	objectVersion = 56;
	objects = {

/* Begin PBXBuildFile section */
		C603CCFF28DF7F6A00B7583E /* CardsApp.swift in Sources */ = {isa = PBXBuildFile; fileRef = C603CCFE28DF7F6A00B7583E /* CardsApp.swift */; };
		C603CD0128DF7F6A00B7583E /* ContentView.swift in Sources */ = {isa = PBXBuildFile; fileRef = C603CD0028DF7F6A00B7583E /* ContentView.swift */; };
		C603CD0328DF7F6A00B7583E /* Assets.xcassets in Resources */ = {isa = PBXBuildFile; fileRef = C603CD0228DF7F6A00B7583E /* Assets.xcassets */; };
		C60926FE28E31B8E00EE0873 /* Cards.xcdatamodeld in Sources */ = {isa = PBXBuildFile; fileRef = C60926FC28E31B8E00EE0873 /* Cards.xcdatamodeld */; };
		C609270028E31C0400EE0873 /* DataController.swift in Sources */ = {isa = PBXBuildFile; fileRef = C60926FF28E31C0400EE0873 /* DataController.swift */; };
		C609270228E35D7700EE0873 /* AddView.swift in Sources */ = {isa = PBXBuildFile; fileRef = C609270128E35D7700EE0873 /* AddView.swift */; };
		C611A4C328E1A5FE00D98CA4 /* CardSwipeDirection.swift in Sources */ = {isa = PBXBuildFile; fileRef = C611A4BF28E1A5FE00D98CA4 /* CardSwipeDirection.swift */; };
		C611A4C428E1A5FE00D98CA4 /* CardView.swift in Sources */ = {isa = PBXBuildFile; fileRef = C611A4C028E1A5FE00D98CA4 /* CardView.swift */; };
		C611A4C528E1A5FE00D98CA4 /* CardStack.swift in Sources */ = {isa = PBXBuildFile; fileRef = C611A4C128E1A5FE00D98CA4 /* CardStack.swift */; };
		C611A4C628E1A5FE00D98CA4 /* CardStackConfiguration.swift in Sources */ = {isa = PBXBuildFile; fileRef = C611A4C228E1A5FE00D98CA4 /* CardStackConfiguration.swift */; };
		C652B57B28EC955100F2A08D /* HapticGenerator.swift in Sources */ = {isa = PBXBuildFile; fileRef = C652B57A28EC955100F2A08D /* HapticGenerator.swift */; };
		C670298628E20C440027D293 /* CardContentView.swift in Sources */ = {isa = PBXBuildFile; fileRef = C670298528E20C440027D293 /* CardContentView.swift */; };
		C670298828E24EA80027D293 /* Stats.swift in Sources */ = {isa = PBXBuildFile; fileRef = C670298728E24EA80027D293 /* Stats.swift */; };
		C692ACF128E0A74B00CDEE1A /* CardsListViewModel.swift in Sources */ = {isa = PBXBuildFile; fileRef = C692ACF028E0A74B00CDEE1A /* CardsListViewModel.swift */; };
		C6DF111828E0AAE500AEE15B /* VisualEffectBlur.swift in Sources */ = {isa = PBXBuildFile; fileRef = C6DF111728E0AAE500AEE15B /* VisualEffectBlur.swift */; };
/* End PBXBuildFile section */

/* Begin PBXFileReference section */
		C603CCFB28DF7F6A00B7583E /* Tiny Cards.app */ = {isa = PBXFileReference; explicitFileType = wrapper.application; includeInIndex = 0; path = "Tiny Cards.app"; sourceTree = BUILT_PRODUCTS_DIR; };
		C603CCFE28DF7F6A00B7583E /* CardsApp.swift */ = {isa = PBXFileReference; lastKnownFileType = sourcecode.swift; path = CardsApp.swift; sourceTree = "<group>"; };
		C603CD0028DF7F6A00B7583E /* ContentView.swift */ = {isa = PBXFileReference; lastKnownFileType = sourcecode.swift; path = ContentView.swift; sourceTree = "<group>"; };
		C603CD0228DF7F6A00B7583E /* Assets.xcassets */ = {isa = PBXFileReference; lastKnownFileType = folder.assetcatalog; path = Assets.xcassets; sourceTree = "<group>"; };
		C603CD0428DF7F6A00B7583E /* Cards.entitlements */ = {isa = PBXFileReference; lastKnownFileType = text.plist.entitlements; path = Cards.entitlements; sourceTree = "<group>"; };
		C60926FD28E31B8E00EE0873 /* Cards.xcdatamodel */ = {isa = PBXFileReference; lastKnownFileType = wrapper.xcdatamodel; path = Cards.xcdatamodel; sourceTree = "<group>"; };
		C60926FF28E31C0400EE0873 /* DataController.swift */ = {isa = PBXFileReference; lastKnownFileType = sourcecode.swift; path = DataController.swift; sourceTree = "<group>"; };
		C609270128E35D7700EE0873 /* AddView.swift */ = {isa = PBXFileReference; lastKnownFileType = sourcecode.swift; path = AddView.swift; sourceTree = "<group>"; };
		C611A4BF28E1A5FE00D98CA4 /* CardSwipeDirection.swift */ = {isa = PBXFileReference; fileEncoding = 4; lastKnownFileType = sourcecode.swift; path = CardSwipeDirection.swift; sourceTree = "<group>"; };
		C611A4C028E1A5FE00D98CA4 /* CardView.swift */ = {isa = PBXFileReference; fileEncoding = 4; lastKnownFileType = sourcecode.swift; path = CardView.swift; sourceTree = "<group>"; };
		C611A4C128E1A5FE00D98CA4 /* CardStack.swift */ = {isa = PBXFileReference; fileEncoding = 4; lastKnownFileType = sourcecode.swift; path = CardStack.swift; sourceTree = "<group>"; };
		C611A4C228E1A5FE00D98CA4 /* CardStackConfiguration.swift */ = {isa = PBXFileReference; fileEncoding = 4; lastKnownFileType = sourcecode.swift; path = CardStackConfiguration.swift; sourceTree = "<group>"; };
		C64B4FEE28EC207800629103 /* README.md */ = {isa = PBXFileReference; lastKnownFileType = net.daringfireball.markdown; path = README.md; sourceTree = "<group>"; };
		C64B4FEF28EC218100629103 /* Config.xcconfig */ = {isa = PBXFileReference; lastKnownFileType = text.xcconfig; path = Config.xcconfig; sourceTree = "<group>"; };
		C652B57A28EC955100F2A08D /* HapticGenerator.swift */ = {isa = PBXFileReference; lastKnownFileType = sourcecode.swift; path = HapticGenerator.swift; sourceTree = "<group>"; };
		C670298528E20C440027D293 /* CardContentView.swift */ = {isa = PBXFileReference; lastKnownFileType = sourcecode.swift; path = CardContentView.swift; sourceTree = "<group>"; };
		C670298728E24EA80027D293 /* Stats.swift */ = {isa = PBXFileReference; lastKnownFileType = sourcecode.swift; path = Stats.swift; sourceTree = "<group>"; };
		C692ACF028E0A74B00CDEE1A /* CardsListViewModel.swift */ = {isa = PBXFileReference; lastKnownFileType = sourcecode.swift; path = CardsListViewModel.swift; sourceTree = "<group>"; };
		C6DF111728E0AAE500AEE15B /* VisualEffectBlur.swift */ = {isa = PBXFileReference; fileEncoding = 4; lastKnownFileType = sourcecode.swift; path = VisualEffectBlur.swift; sourceTree = "<group>"; };
/* End PBXFileReference section */

/* Begin PBXFrameworksBuildPhase section */
		C603CCF828DF7F6A00B7583E /* Frameworks */ = {
			isa = PBXFrameworksBuildPhase;
			buildActionMask = 2147483647;
			files = (
			);
			runOnlyForDeploymentPostprocessing = 0;
		};
/* End PBXFrameworksBuildPhase section */

/* Begin PBXGroup section */
		C603CCF228DF7F6A00B7583E = {
			isa = PBXGroup;
			children = (
				C64B4FEF28EC218100629103 /* Config.xcconfig */,
				C64B4FEE28EC207800629103 /* README.md */,
				C603CCFD28DF7F6A00B7583E /* Cards */,
				C603CCFC28DF7F6A00B7583E /* Products */,
			);
			sourceTree = "<group>";
		};
		C603CCFC28DF7F6A00B7583E /* Products */ = {
			isa = PBXGroup;
			children = (
				C603CCFB28DF7F6A00B7583E /* Tiny Cards.app */,
			);
			name = Products;
			sourceTree = "<group>";
		};
		C603CCFD28DF7F6A00B7583E /* Cards */ = {
			isa = PBXGroup;
			children = (
				C6DF111628E0AADA00AEE15B /* Components */,
				C692ACEC28E0A12100CDEE1A /* Models */,
				C692ACEB28E0A0B600CDEE1A /* Resources */,
				C692ACEF28E0A72600CDEE1A /* ViewModels */,
				C692ACEA28E0A0AF00CDEE1A /* Views */,
				C603CCFE28DF7F6A00B7583E /* CardsApp.swift */,
			);
			path = Cards;
			sourceTree = "<group>";
		};
		C611A4BE28E1A5FE00D98CA4 /* CardStack */ = {
			isa = PBXGroup;
			children = (
				C611A4BF28E1A5FE00D98CA4 /* CardSwipeDirection.swift */,
				C611A4C028E1A5FE00D98CA4 /* CardView.swift */,
				C611A4C128E1A5FE00D98CA4 /* CardStack.swift */,
				C611A4C228E1A5FE00D98CA4 /* CardStackConfiguration.swift */,
			);
			path = CardStack;
			sourceTree = "<group>";
		};
		C692ACEA28E0A0AF00CDEE1A /* Views */ = {
			isa = PBXGroup;
			children = (
				C609270128E35D7700EE0873 /* AddView.swift */,
				C670298528E20C440027D293 /* CardContentView.swift */,
				C603CD0028DF7F6A00B7583E /* ContentView.swift */,
				C670298728E24EA80027D293 /* Stats.swift */,
			);
			path = Views;
			sourceTree = "<group>";
		};
		C692ACEB28E0A0B600CDEE1A /* Resources */ = {
			isa = PBXGroup;
			children = (
				C603CD0228DF7F6A00B7583E /* Assets.xcassets */,
				C603CD0428DF7F6A00B7583E /* Cards.entitlements */,
				C60926FC28E31B8E00EE0873 /* Cards.xcdatamodeld */,
			);
			path = Resources;
			sourceTree = "<group>";
		};
		C692ACEC28E0A12100CDEE1A /* Models */ = {
			isa = PBXGroup;
			children = (
				C60926FF28E31C0400EE0873 /* DataController.swift */,
			);
			path = Models;
			sourceTree = "<group>";
		};
		C692ACEF28E0A72600CDEE1A /* ViewModels */ = {
			isa = PBXGroup;
			children = (
				C692ACF028E0A74B00CDEE1A /* CardsListViewModel.swift */,
			);
			path = ViewModels;
			sourceTree = "<group>";
		};
		C6DF111628E0AADA00AEE15B /* Components */ = {
			isa = PBXGroup;
			children = (
				C611A4BE28E1A5FE00D98CA4 /* CardStack */,
				C6DF111728E0AAE500AEE15B /* VisualEffectBlur.swift */,
				C652B57A28EC955100F2A08D /* HapticGenerator.swift */,
			);
			path = Components;
			sourceTree = "<group>";
		};
/* End PBXGroup section */

/* Begin PBXNativeTarget section */
		C603CCFA28DF7F6A00B7583E /* Cards */ = {
			isa = PBXNativeTarget;
			buildConfigurationList = C603CD0A28DF7F6A00B7583E /* Build configuration list for PBXNativeTarget "Cards" */;
			buildPhases = (
				C603CCF728DF7F6A00B7583E /* Sources */,
				C603CCF828DF7F6A00B7583E /* Frameworks */,
				C603CCF928DF7F6A00B7583E /* Resources */,
			);
			buildRules = (
			);
			dependencies = (
			);
			name = Cards;
			productName = Cards;
			productReference = C603CCFB28DF7F6A00B7583E /* Tiny Cards.app */;
			productType = "com.apple.product-type.application";
		};
/* End PBXNativeTarget section */

/* Begin PBXProject section */
		C603CCF328DF7F6A00B7583E /* Project object */ = {
			isa = PBXProject;
			attributes = {
				BuildIndependentTargetsInParallel = 1;
				LastSwiftUpdateCheck = 1410;
				LastUpgradeCheck = 1410;
				TargetAttributes = {
					C603CCFA28DF7F6A00B7583E = {
						CreatedOnToolsVersion = 14.1;
					};
				};
			};
			buildConfigurationList = C603CCF628DF7F6A00B7583E /* Build configuration list for PBXProject "Cards" */;
			compatibilityVersion = "Xcode 14.0";
			developmentRegion = en;
			hasScannedForEncodings = 0;
			knownRegions = (
				en,
				Base,
			);
			mainGroup = C603CCF228DF7F6A00B7583E;
			productRefGroup = C603CCFC28DF7F6A00B7583E /* Products */;
			projectDirPath = "";
			projectRoot = "";
			targets = (
				C603CCFA28DF7F6A00B7583E /* Cards */,
			);
		};
/* End PBXProject section */

/* Begin PBXResourcesBuildPhase section */
		C603CCF928DF7F6A00B7583E /* Resources */ = {
			isa = PBXResourcesBuildPhase;
			buildActionMask = 2147483647;
			files = (
				C603CD0328DF7F6A00B7583E /* Assets.xcassets in Resources */,
			);
			runOnlyForDeploymentPostprocessing = 0;
		};
/* End PBXResourcesBuildPhase section */

/* Begin PBXSourcesBuildPhase section */
		C603CCF728DF7F6A00B7583E /* Sources */ = {
			isa = PBXSourcesBuildPhase;
			buildActionMask = 2147483647;
			files = (
				C609270228E35D7700EE0873 /* AddView.swift in Sources */,
				C611A4C428E1A5FE00D98CA4 /* CardView.swift in Sources */,
				C692ACF128E0A74B00CDEE1A /* CardsListViewModel.swift in Sources */,
				C670298628E20C440027D293 /* CardContentView.swift in Sources */,
				C60926FE28E31B8E00EE0873 /* Cards.xcdatamodeld in Sources */,
				C611A4C628E1A5FE00D98CA4 /* CardStackConfiguration.swift in Sources */,
				C611A4C528E1A5FE00D98CA4 /* CardStack.swift in Sources */,
				C603CD0128DF7F6A00B7583E /* ContentView.swift in Sources */,
				C611A4C328E1A5FE00D98CA4 /* CardSwipeDirection.swift in Sources */,
				C6DF111828E0AAE500AEE15B /* VisualEffectBlur.swift in Sources */,
				C603CCFF28DF7F6A00B7583E /* CardsApp.swift in Sources */,
				C609270028E31C0400EE0873 /* DataController.swift in Sources */,
				C652B57B28EC955100F2A08D /* HapticGenerator.swift in Sources */,
				C670298828E24EA80027D293 /* Stats.swift in Sources */,
			);
			runOnlyForDeploymentPostprocessing = 0;
		};
/* End PBXSourcesBuildPhase section */

/* Begin XCBuildConfiguration section */
		C603CD0828DF7F6A00B7583E /* Debug */ = {
			isa = XCBuildConfiguration;
			baseConfigurationReference = C64B4FEF28EC218100629103 /* Config.xcconfig */;
			buildSettings = {
				ALWAYS_SEARCH_USER_PATHS = NO;
				CLANG_ANALYZER_NONNULL = YES;
				CLANG_ANALYZER_NUMBER_OBJECT_CONVERSION = YES_AGGRESSIVE;
				CLANG_CXX_LANGUAGE_STANDARD = "gnu++20";
				CLANG_ENABLE_MODULES = YES;
				CLANG_ENABLE_OBJC_ARC = YES;
				CLANG_ENABLE_OBJC_WEAK = YES;
				CLANG_WARN_BLOCK_CAPTURE_AUTORELEASING = YES;
				CLANG_WARN_BOOL_CONVERSION = YES;
				CLANG_WARN_COMMA = YES;
				CLANG_WARN_CONSTANT_CONVERSION = YES;
				CLANG_WARN_DEPRECATED_OBJC_IMPLEMENTATIONS = YES;
				CLANG_WARN_DIRECT_OBJC_ISA_USAGE = YES_ERROR;
				CLANG_WARN_DOCUMENTATION_COMMENTS = YES;
				CLANG_WARN_EMPTY_BODY = YES;
				CLANG_WARN_ENUM_CONVERSION = YES;
				CLANG_WARN_INFINITE_RECURSION = YES;
				CLANG_WARN_INT_CONVERSION = YES;
				CLANG_WARN_NON_LITERAL_NULL_CONVERSION = YES;
				CLANG_WARN_OBJC_IMPLICIT_RETAIN_SELF = YES;
				CLANG_WARN_OBJC_LITERAL_CONVERSION = YES;
				CLANG_WARN_OBJC_ROOT_CLASS = YES_ERROR;
				CLANG_WARN_QUOTED_INCLUDE_IN_FRAMEWORK_HEADER = YES;
				CLANG_WARN_RANGE_LOOP_ANALYSIS = YES;
				CLANG_WARN_STRICT_PROTOTYPES = YES;
				CLANG_WARN_SUSPICIOUS_MOVE = YES;
				CLANG_WARN_UNGUARDED_AVAILABILITY = YES_AGGRESSIVE;
				CLANG_WARN_UNREACHABLE_CODE = YES;
				CLANG_WARN__DUPLICATE_METHOD_MATCH = YES;
				COPY_PHASE_STRIP = NO;
				DEBUG_INFORMATION_FORMAT = dwarf;
				ENABLE_STRICT_OBJC_MSGSEND = YES;
				ENABLE_TESTABILITY = YES;
				GCC_C_LANGUAGE_STANDARD = gnu11;
				GCC_DYNAMIC_NO_PIC = NO;
				GCC_NO_COMMON_BLOCKS = YES;
				GCC_OPTIMIZATION_LEVEL = 0;
				GCC_PREPROCESSOR_DEFINITIONS = (
					"DEBUG=1",
					"$(inherited)",
				);
				GCC_WARN_64_TO_32_BIT_CONVERSION = YES;
				GCC_WARN_ABOUT_RETURN_TYPE = YES_ERROR;
				GCC_WARN_UNDECLARED_SELECTOR = YES;
				GCC_WARN_UNINITIALIZED_AUTOS = YES_AGGRESSIVE;
				GCC_WARN_UNUSED_FUNCTION = YES;
				GCC_WARN_UNUSED_VARIABLE = YES;
				MTL_ENABLE_DEBUG_INFO = INCLUDE_SOURCE;
				MTL_FAST_MATH = YES;
				ONLY_ACTIVE_ARCH = YES;
				SWIFT_ACTIVE_COMPILATION_CONDITIONS = DEBUG;
				SWIFT_OPTIMIZATION_LEVEL = "-Onone";
			};
			name = Debug;
		};
		C603CD0928DF7F6A00B7583E /* Release */ = {
			isa = XCBuildConfiguration;
			baseConfigurationReference = C64B4FEF28EC218100629103 /* Config.xcconfig */;
			buildSettings = {
				ALWAYS_SEARCH_USER_PATHS = NO;
				CLANG_ANALYZER_NONNULL = YES;
				CLANG_ANALYZER_NUMBER_OBJECT_CONVERSION = YES_AGGRESSIVE;
				CLANG_CXX_LANGUAGE_STANDARD = "gnu++20";
				CLANG_ENABLE_MODULES = YES;
				CLANG_ENABLE_OBJC_ARC = YES;
				CLANG_ENABLE_OBJC_WEAK = YES;
				CLANG_WARN_BLOCK_CAPTURE_AUTORELEASING = YES;
				CLANG_WARN_BOOL_CONVERSION = YES;
				CLANG_WARN_COMMA = YES;
				CLANG_WARN_CONSTANT_CONVERSION = YES;
				CLANG_WARN_DEPRECATED_OBJC_IMPLEMENTATIONS = YES;
				CLANG_WARN_DIRECT_OBJC_ISA_USAGE = YES_ERROR;
				CLANG_WARN_DOCUMENTATION_COMMENTS = YES;
				CLANG_WARN_EMPTY_BODY = YES;
				CLANG_WARN_ENUM_CONVERSION = YES;
				CLANG_WARN_INFINITE_RECURSION = YES;
				CLANG_WARN_INT_CONVERSION = YES;
				CLANG_WARN_NON_LITERAL_NULL_CONVERSION = YES;
				CLANG_WARN_OBJC_IMPLICIT_RETAIN_SELF = YES;
				CLANG_WARN_OBJC_LITERAL_CONVERSION = YES;
				CLANG_WARN_OBJC_ROOT_CLASS = YES_ERROR;
				CLANG_WARN_QUOTED_INCLUDE_IN_FRAMEWORK_HEADER = YES;
				CLANG_WARN_RANGE_LOOP_ANALYSIS = YES;
				CLANG_WARN_STRICT_PROTOTYPES = YES;
				CLANG_WARN_SUSPICIOUS_MOVE = YES;
				CLANG_WARN_UNGUARDED_AVAILABILITY = YES_AGGRESSIVE;
				CLANG_WARN_UNREACHABLE_CODE = YES;
				CLANG_WARN__DUPLICATE_METHOD_MATCH = YES;
				COPY_PHASE_STRIP = NO;
				DEBUG_INFORMATION_FORMAT = "dwarf-with-dsym";
				ENABLE_NS_ASSERTIONS = NO;
				ENABLE_STRICT_OBJC_MSGSEND = YES;
				GCC_C_LANGUAGE_STANDARD = gnu11;
				GCC_NO_COMMON_BLOCKS = YES;
				GCC_WARN_64_TO_32_BIT_CONVERSION = YES;
				GCC_WARN_ABOUT_RETURN_TYPE = YES_ERROR;
				GCC_WARN_UNDECLARED_SELECTOR = YES;
				GCC_WARN_UNINITIALIZED_AUTOS = YES_AGGRESSIVE;
				GCC_WARN_UNUSED_FUNCTION = YES;
				GCC_WARN_UNUSED_VARIABLE = YES;
				MTL_ENABLE_DEBUG_INFO = NO;
				MTL_FAST_MATH = YES;
				SWIFT_COMPILATION_MODE = wholemodule;
				SWIFT_OPTIMIZATION_LEVEL = "-O";
			};
			name = Release;
		};
		C603CD0B28DF7F6A00B7583E /* Debug */ = {
			isa = XCBuildConfiguration;
			baseConfigurationReference = C64B4FEF28EC218100629103 /* Config.xcconfig */;
			buildSettings = {
				ASSETCATALOG_COMPILER_APPICON_NAME = AppIcon;
				ASSETCATALOG_COMPILER_GLOBAL_ACCENT_COLOR_NAME = AccentColor;
				CODE_SIGN_ENTITLEMENTS = Cards/Resources/Cards.entitlements;
				CODE_SIGN_STYLE = Automatic;
				CURRENT_PROJECT_VERSION = "$(CONFIG_APP_BUNDLE_VERSION)";
				DEVELOPMENT_ASSET_PATHS = "";
				DEVELOPMENT_TEAM = "";
				ENABLE_PREVIEWS = YES;
				GENERATE_INFOPLIST_FILE = YES;
				INFOPLIST_KEY_LSApplicationCategoryType = "public.app-category.education";
				"INFOPLIST_KEY_UIApplicationSceneManifest_Generation[sdk=iphoneos*]" = YES;
				"INFOPLIST_KEY_UIApplicationSceneManifest_Generation[sdk=iphonesimulator*]" = YES;
				"INFOPLIST_KEY_UIApplicationSupportsIndirectInputEvents[sdk=iphoneos*]" = YES;
				"INFOPLIST_KEY_UIApplicationSupportsIndirectInputEvents[sdk=iphonesimulator*]" = YES;
				"INFOPLIST_KEY_UILaunchScreen_Generation[sdk=iphoneos*]" = YES;
				"INFOPLIST_KEY_UILaunchScreen_Generation[sdk=iphonesimulator*]" = YES;
				"INFOPLIST_KEY_UIStatusBarStyle[sdk=iphoneos*]" = UIStatusBarStyleDefault;
				"INFOPLIST_KEY_UIStatusBarStyle[sdk=iphonesimulator*]" = UIStatusBarStyleDefault;
				INFOPLIST_KEY_UISupportedInterfaceOrientations_iPad = "UIInterfaceOrientationPortrait UIInterfaceOrientationPortraitUpsideDown UIInterfaceOrientationLandscapeLeft UIInterfaceOrientationLandscapeRight";
				INFOPLIST_KEY_UISupportedInterfaceOrientations_iPhone = "UIInterfaceOrientationPortrait UIInterfaceOrientationLandscapeLeft UIInterfaceOrientationLandscapeRight";
				IPHONEOS_DEPLOYMENT_TARGET = 15.0;
				LD_RUNPATH_SEARCH_PATHS = "@executable_path/Frameworks";
				"LD_RUNPATH_SEARCH_PATHS[sdk=macosx*]" = "@executable_path/../Frameworks";
				MACOSX_DEPLOYMENT_TARGET = 12.0;
				MARKETING_VERSION = "$(CONFIG_APP_VERSION)";
				PRODUCT_BUNDLE_IDENTIFIER = "$(CONFIG_BUNDLE_ID)";
				PRODUCT_NAME = "$(CONFIG_APP_NAME)";
				SDKROOT = auto;
				SUPPORTED_PLATFORMS = "iphoneos iphonesimulator macosx";
				SWIFT_EMIT_LOC_STRINGS = YES;
				SWIFT_VERSION = 5.0;
				TARGETED_DEVICE_FAMILY = "1,2";
			};
			name = Debug;
		};
		C603CD0C28DF7F6A00B7583E /* Release */ = {
			isa = XCBuildConfiguration;
			baseConfigurationReference = C64B4FEF28EC218100629103 /* Config.xcconfig */;
			buildSettings = {
				ASSETCATALOG_COMPILER_APPICON_NAME = AppIcon;
				ASSETCATALOG_COMPILER_GLOBAL_ACCENT_COLOR_NAME = AccentColor;
				CODE_SIGN_ENTITLEMENTS = Cards/Resources/Cards.entitlements;
				CODE_SIGN_STYLE = Automatic;
				CURRENT_PROJECT_VERSION = "$(CONFIG_APP_BUNDLE_VERSION)";
				DEVELOPMENT_ASSET_PATHS = "";
				DEVELOPMENT_TEAM = "";
				ENABLE_PREVIEWS = YES;
				GENERATE_INFOPLIST_FILE = YES;
				INFOPLIST_KEY_LSApplicationCategoryType = "public.app-category.education";
				"INFOPLIST_KEY_UIApplicationSceneManifest_Generation[sdk=iphoneos*]" = YES;
				"INFOPLIST_KEY_UIApplicationSceneManifest_Generation[sdk=iphonesimulator*]" = YES;
				"INFOPLIST_KEY_UIApplicationSupportsIndirectInputEvents[sdk=iphoneos*]" = YES;
				"INFOPLIST_KEY_UIApplicationSupportsIndirectInputEvents[sdk=iphonesimulator*]" = YES;
				"INFOPLIST_KEY_UILaunchScreen_Generation[sdk=iphoneos*]" = YES;
				"INFOPLIST_KEY_UILaunchScreen_Generation[sdk=iphonesimulator*]" = YES;
				"INFOPLIST_KEY_UIStatusBarStyle[sdk=iphoneos*]" = UIStatusBarStyleDefault;
				"INFOPLIST_KEY_UIStatusBarStyle[sdk=iphonesimulator*]" = UIStatusBarStyleDefault;
				INFOPLIST_KEY_UISupportedInterfaceOrientations_iPad = "UIInterfaceOrientationPortrait UIInterfaceOrientationPortraitUpsideDown UIInterfaceOrientationLandscapeLeft UIInterfaceOrientationLandscapeRight";
				INFOPLIST_KEY_UISupportedInterfaceOrientations_iPhone = "UIInterfaceOrientationPortrait UIInterfaceOrientationLandscapeLeft UIInterfaceOrientationLandscapeRight";
				IPHONEOS_DEPLOYMENT_TARGET = 15.0;
				LD_RUNPATH_SEARCH_PATHS = "@executable_path/Frameworks";
				"LD_RUNPATH_SEARCH_PATHS[sdk=macosx*]" = "@executable_path/../Frameworks";
				MACOSX_DEPLOYMENT_TARGET = 12.0;
				MARKETING_VERSION = "$(CONFIG_APP_VERSION)";
				PRODUCT_BUNDLE_IDENTIFIER = "$(CONFIG_BUNDLE_ID)";
				PRODUCT_NAME = "$(CONFIG_APP_NAME)";
				SDKROOT = auto;
				SUPPORTED_PLATFORMS = "iphoneos iphonesimulator macosx";
				SWIFT_EMIT_LOC_STRINGS = YES;
				SWIFT_VERSION = 5.0;
				TARGETED_DEVICE_FAMILY = "1,2";
			};
			name = Release;
		};
/* End XCBuildConfiguration section */

/* Begin XCConfigurationList section */
		C603CCF628DF7F6A00B7583E /* Build configuration list for PBXProject "Cards" */ = {
			isa = XCConfigurationList;
			buildConfigurations = (
				C603CD0828DF7F6A00B7583E /* Debug */,
				C603CD0928DF7F6A00B7583E /* Release */,
			);
			defaultConfigurationIsVisible = 0;
			defaultConfigurationName = Release;
		};
		C603CD0A28DF7F6A00B7583E /* Build configuration list for PBXNativeTarget "Cards" */ = {
			isa = XCConfigurationList;
			buildConfigurations = (
				C603CD0B28DF7F6A00B7583E /* Debug */,
				C603CD0C28DF7F6A00B7583E /* Release */,
			);
			defaultConfigurationIsVisible = 0;
			defaultConfigurationName = Release;
		};
/* End XCConfigurationList section */

/* Begin XCVersionGroup section */
		C60926FC28E31B8E00EE0873 /* Cards.xcdatamodeld */ = {
			isa = XCVersionGroup;
			children = (
				C60926FD28E31B8E00EE0873 /* Cards.xcdatamodel */,
			);
			currentVersion = C60926FD28E31B8E00EE0873 /* Cards.xcdatamodel */;
			path = Cards.xcdatamodeld;
			sourceTree = "<group>";
			versionGroupType = wrapper.xcdatamodel;
		};
/* End XCVersionGroup section */
	};
	rootObject = C603CCF328DF7F6A00B7583E /* Project object */;
}
